// !$*UTF8*$!
{
	archiveVersion = 1;
	classes = {
	};
	objectVersion = 50;
	objects = {

/* Begin PBXBuildFile section */
		D522F935229F25450056069E /* ContentStoryboard.storyboard in Resources */ = {isa = PBXBuildFile; fileRef = D522F934229F25450056069E /* ContentStoryboard.storyboard */; };
		D522F937229F2E970056069E /* ListTableViewController.swift in Sources */ = {isa = PBXBuildFile; fileRef = D522F936229F2E970056069E /* ListTableViewController.swift */; };
		D5747162229C3C8F005BAECC /* AppDelegate.swift in Sources */ = {isa = PBXBuildFile; fileRef = D5747161229C3C8F005BAECC /* AppDelegate.swift */; };
		D5747166229C3C8F005BAECC /* ViewController.swift in Sources */ = {isa = PBXBuildFile; fileRef = D5747165229C3C8F005BAECC /* ViewController.swift */; };
		D5747169229C3C8F005BAECC /* Main.storyboard in Resources */ = {isa = PBXBuildFile; fileRef = D5747167229C3C8F005BAECC /* Main.storyboard */; };
		D574716B229C3C91005BAECC /* Assets.xcassets in Resources */ = {isa = PBXBuildFile; fileRef = D574716A229C3C91005BAECC /* Assets.xcassets */; };
		D574716E229C3C91005BAECC /* LaunchScreen.storyboard in Resources */ = {isa = PBXBuildFile; fileRef = D574716C229C3C91005BAECC /* LaunchScreen.storyboard */; };
		D5747179229C3C91005BAECC /* UIViewControllARTests.swift in Sources */ = {isa = PBXBuildFile; fileRef = D5747178229C3C91005BAECC /* UIViewControllARTests.swift */; };
		D5747184229C3C91005BAECC /* UIViewControllARUITests.swift in Sources */ = {isa = PBXBuildFile; fileRef = D5747183229C3C91005BAECC /* UIViewControllARUITests.swift */; };
		D5747192229C3DAA005BAECC /* ContentViewController.swift in Sources */ = {isa = PBXBuildFile; fileRef = D5747191229C3DAA005BAECC /* ContentViewController.swift */; };
/* End PBXBuildFile section */

/* Begin PBXContainerItemProxy section */
		D5747175229C3C91005BAECC /* PBXContainerItemProxy */ = {
			isa = PBXContainerItemProxy;
			containerPortal = D5747156229C3C8F005BAECC /* Project object */;
			proxyType = 1;
			remoteGlobalIDString = D574715D229C3C8F005BAECC;
			remoteInfo = UIViewControllAR;
		};
		D5747180229C3C91005BAECC /* PBXContainerItemProxy */ = {
			isa = PBXContainerItemProxy;
			containerPortal = D5747156229C3C8F005BAECC /* Project object */;
			proxyType = 1;
			remoteGlobalIDString = D574715D229C3C8F005BAECC;
			remoteInfo = UIViewControllAR;
		};
/* End PBXContainerItemProxy section */

/* Begin PBXFileReference section */
		D522F934229F25450056069E /* ContentStoryboard.storyboard */ = {isa = PBXFileReference; lastKnownFileType = file.storyboard; path = ContentStoryboard.storyboard; sourceTree = "<group>"; };
		D522F936229F2E970056069E /* ListTableViewController.swift */ = {isa = PBXFileReference; lastKnownFileType = sourcecode.swift; path = ListTableViewController.swift; sourceTree = "<group>"; };
		D574715E229C3C8F005BAECC /* UIViewControllAR.app */ = {isa = PBXFileReference; explicitFileType = wrapper.application; includeInIndex = 0; path = UIViewControllAR.app; sourceTree = BUILT_PRODUCTS_DIR; };
		D5747161229C3C8F005BAECC /* AppDelegate.swift */ = {isa = PBXFileReference; lastKnownFileType = sourcecode.swift; path = AppDelegate.swift; sourceTree = "<group>"; };
		D5747165229C3C8F005BAECC /* ViewController.swift */ = {isa = PBXFileReference; lastKnownFileType = sourcecode.swift; path = ViewController.swift; sourceTree = "<group>"; };
		D5747168229C3C8F005BAECC /* Base */ = {isa = PBXFileReference; lastKnownFileType = file.storyboard; name = Base; path = Base.lproj/Main.storyboard; sourceTree = "<group>"; };
		D574716A229C3C91005BAECC /* Assets.xcassets */ = {isa = PBXFileReference; lastKnownFileType = folder.assetcatalog; path = Assets.xcassets; sourceTree = "<group>"; };
		D574716D229C3C91005BAECC /* Base */ = {isa = PBXFileReference; lastKnownFileType = file.storyboard; name = Base; path = Base.lproj/LaunchScreen.storyboard; sourceTree = "<group>"; };
		D574716F229C3C91005BAECC /* Info.plist */ = {isa = PBXFileReference; lastKnownFileType = text.plist.xml; path = Info.plist; sourceTree = "<group>"; };
		D5747174229C3C91005BAECC /* UIViewControllARTests.xctest */ = {isa = PBXFileReference; explicitFileType = wrapper.cfbundle; includeInIndex = 0; path = UIViewControllARTests.xctest; sourceTree = BUILT_PRODUCTS_DIR; };
		D5747178229C3C91005BAECC /* UIViewControllARTests.swift */ = {isa = PBXFileReference; lastKnownFileType = sourcecode.swift; path = UIViewControllARTests.swift; sourceTree = "<group>"; };
		D574717A229C3C91005BAECC /* Info.plist */ = {isa = PBXFileReference; lastKnownFileType = text.plist.xml; path = Info.plist; sourceTree = "<group>"; };
		D574717F229C3C91005BAECC /* UIViewControllARUITests.xctest */ = {isa = PBXFileReference; explicitFileType = wrapper.cfbundle; includeInIndex = 0; path = UIViewControllARUITests.xctest; sourceTree = BUILT_PRODUCTS_DIR; };
		D5747183229C3C91005BAECC /* UIViewControllARUITests.swift */ = {isa = PBXFileReference; lastKnownFileType = sourcecode.swift; path = UIViewControllARUITests.swift; sourceTree = "<group>"; };
		D5747185229C3C91005BAECC /* Info.plist */ = {isa = PBXFileReference; lastKnownFileType = text.plist.xml; path = Info.plist; sourceTree = "<group>"; };
		D5747191229C3DAA005BAECC /* ContentViewController.swift */ = {isa = PBXFileReference; lastKnownFileType = sourcecode.swift; path = ContentViewController.swift; sourceTree = "<group>"; };
/* End PBXFileReference section */

/* Begin PBXFrameworksBuildPhase section */
		D574715B229C3C8F005BAECC /* Frameworks */ = {
			isa = PBXFrameworksBuildPhase;
			buildActionMask = 2147483647;
			files = (
			);
			runOnlyForDeploymentPostprocessing = 0;
		};
		D5747171229C3C91005BAECC /* Frameworks */ = {
			isa = PBXFrameworksBuildPhase;
			buildActionMask = 2147483647;
			files = (
			);
			runOnlyForDeploymentPostprocessing = 0;
		};
		D574717C229C3C91005BAECC /* Frameworks */ = {
			isa = PBXFrameworksBuildPhase;
			buildActionMask = 2147483647;
			files = (
			);
			runOnlyForDeploymentPostprocessing = 0;
		};
/* End PBXFrameworksBuildPhase section */

/* Begin PBXGroup section */
		D522F938229F2EA30056069E /* AR */ = {
			isa = PBXGroup;
			children = (
				D5747167229C3C8F005BAECC /* Main.storyboard */,
				D5747165229C3C8F005BAECC /* ViewController.swift */,
			);
			path = AR;
			sourceTree = "<group>";
		};
		D522F939229F2EB80056069E /* Content */ = {
			isa = PBXGroup;
			children = (
				D522F934229F25450056069E /* ContentStoryboard.storyboard */,
				D5747191229C3DAA005BAECC /* ContentViewController.swift */,
				D522F936229F2E970056069E /* ListTableViewController.swift */,
			);
			path = Content;
			sourceTree = "<group>";
		};
		D5747155229C3C8F005BAECC = {
			isa = PBXGroup;
			children = (
				D5747160229C3C8F005BAECC /* UIViewControllAR */,
				D5747177229C3C91005BAECC /* UIViewControllARTests */,
				D5747182229C3C91005BAECC /* UIViewControllARUITests */,
				D574715F229C3C8F005BAECC /* Products */,
			);
			sourceTree = "<group>";
		};
		D574715F229C3C8F005BAECC /* Products */ = {
			isa = PBXGroup;
			children = (
				D574715E229C3C8F005BAECC /* UIViewControllAR.app */,
				D5747174229C3C91005BAECC /* UIViewControllARTests.xctest */,
				D574717F229C3C91005BAECC /* UIViewControllARUITests.xctest */,
			);
			name = Products;
			sourceTree = "<group>";
		};
		D5747160229C3C8F005BAECC /* UIViewControllAR */ = {
			isa = PBXGroup;
			children = (
				D5747161229C3C8F005BAECC /* AppDelegate.swift */,
				D522F938229F2EA30056069E /* AR */,
				D522F939229F2EB80056069E /* Content */,
				D574716A229C3C91005BAECC /* Assets.xcassets */,
				D574716C229C3C91005BAECC /* LaunchScreen.storyboard */,
				D574716F229C3C91005BAECC /* Info.plist */,
			);
			path = UIViewControllAR;
			sourceTree = "<group>";
		};
		D5747177229C3C91005BAECC /* UIViewControllARTests */ = {
			isa = PBXGroup;
			children = (
				D5747178229C3C91005BAECC /* UIViewControllARTests.swift */,
				D574717A229C3C91005BAECC /* Info.plist */,
			);
			path = UIViewControllARTests;
			sourceTree = "<group>";
		};
		D5747182229C3C91005BAECC /* UIViewControllARUITests */ = {
			isa = PBXGroup;
			children = (
				D5747183229C3C91005BAECC /* UIViewControllARUITests.swift */,
				D5747185229C3C91005BAECC /* Info.plist */,
			);
			path = UIViewControllARUITests;
			sourceTree = "<group>";
		};
/* End PBXGroup section */

/* Begin PBXNativeTarget section */
		D574715D229C3C8F005BAECC /* UIViewControllAR */ = {
			isa = PBXNativeTarget;
			buildConfigurationList = D5747188229C3C91005BAECC /* Build configuration list for PBXNativeTarget "UIViewControllAR" */;
			buildPhases = (
				D574715A229C3C8F005BAECC /* Sources */,
				D574715B229C3C8F005BAECC /* Frameworks */,
				D574715C229C3C8F005BAECC /* Resources */,
			);
			buildRules = (
			);
			dependencies = (
			);
			name = UIViewControllAR;
			productName = UIViewControllAR;
			productReference = D574715E229C3C8F005BAECC /* UIViewControllAR.app */;
			productType = "com.apple.product-type.application";
		};
		D5747173229C3C91005BAECC /* UIViewControllARTests */ = {
			isa = PBXNativeTarget;
			buildConfigurationList = D574718B229C3C91005BAECC /* Build configuration list for PBXNativeTarget "UIViewControllARTests" */;
			buildPhases = (
				D5747170229C3C91005BAECC /* Sources */,
				D5747171229C3C91005BAECC /* Frameworks */,
				D5747172229C3C91005BAECC /* Resources */,
			);
			buildRules = (
			);
			dependencies = (
				D5747176229C3C91005BAECC /* PBXTargetDependency */,
			);
			name = UIViewControllARTests;
			productName = UIViewControllARTests;
			productReference = D5747174229C3C91005BAECC /* UIViewControllARTests.xctest */;
			productType = "com.apple.product-type.bundle.unit-test";
		};
		D574717E229C3C91005BAECC /* UIViewControllARUITests */ = {
			isa = PBXNativeTarget;
			buildConfigurationList = D574718E229C3C91005BAECC /* Build configuration list for PBXNativeTarget "UIViewControllARUITests" */;
			buildPhases = (
				D574717B229C3C91005BAECC /* Sources */,
				D574717C229C3C91005BAECC /* Frameworks */,
				D574717D229C3C91005BAECC /* Resources */,
			);
			buildRules = (
			);
			dependencies = (
				D5747181229C3C91005BAECC /* PBXTargetDependency */,
			);
			name = UIViewControllARUITests;
			productName = UIViewControllARUITests;
			productReference = D574717F229C3C91005BAECC /* UIViewControllARUITests.xctest */;
			productType = "com.apple.product-type.bundle.ui-testing";
		};
/* End PBXNativeTarget section */

/* Begin PBXProject section */
		D5747156229C3C8F005BAECC /* Project object */ = {
			isa = PBXProject;
			attributes = {
				LastSwiftUpdateCheck = 1020;
				LastUpgradeCheck = 1020;
				ORGANIZATIONNAME = "Henrik Storch";
				TargetAttributes = {
					D574715D229C3C8F005BAECC = {
						CreatedOnToolsVersion = 10.2.1;
					};
					D5747173229C3C91005BAECC = {
						CreatedOnToolsVersion = 10.2.1;
						TestTargetID = D574715D229C3C8F005BAECC;
					};
					D574717E229C3C91005BAECC = {
						CreatedOnToolsVersion = 10.2.1;
						TestTargetID = D574715D229C3C8F005BAECC;
					};
				};
			};
			buildConfigurationList = D5747159229C3C8F005BAECC /* Build configuration list for PBXProject "UIViewControllAR" */;
			compatibilityVersion = "Xcode 9.3";
			developmentRegion = en;
			hasScannedForEncodings = 0;
			knownRegions = (
				en,
				Base,
			);
			mainGroup = D5747155229C3C8F005BAECC;
			productRefGroup = D574715F229C3C8F005BAECC /* Products */;
			projectDirPath = "";
			projectRoot = "";
			targets = (
				D574715D229C3C8F005BAECC /* UIViewControllAR */,
				D5747173229C3C91005BAECC /* UIViewControllARTests */,
				D574717E229C3C91005BAECC /* UIViewControllARUITests */,
			);
		};
/* End PBXProject section */

/* Begin PBXResourcesBuildPhase section */
		D574715C229C3C8F005BAECC /* Resources */ = {
			isa = PBXResourcesBuildPhase;
			buildActionMask = 2147483647;
			files = (
				D522F935229F25450056069E /* ContentStoryboard.storyboard in Resources */,
				D574716E229C3C91005BAECC /* LaunchScreen.storyboard in Resources */,
				D574716B229C3C91005BAECC /* Assets.xcassets in Resources */,
				D5747169229C3C8F005BAECC /* Main.storyboard in Resources */,
			);
			runOnlyForDeploymentPostprocessing = 0;
		};
		D5747172229C3C91005BAECC /* Resources */ = {
			isa = PBXResourcesBuildPhase;
			buildActionMask = 2147483647;
			files = (
			);
			runOnlyForDeploymentPostprocessing = 0;
		};
		D574717D229C3C91005BAECC /* Resources */ = {
			isa = PBXResourcesBuildPhase;
			buildActionMask = 2147483647;
			files = (
			);
			runOnlyForDeploymentPostprocessing = 0;
		};
/* End PBXResourcesBuildPhase section */

/* Begin PBXSourcesBuildPhase section */
		D574715A229C3C8F005BAECC /* Sources */ = {
			isa = PBXSourcesBuildPhase;
			buildActionMask = 2147483647;
			files = (
				D5747166229C3C8F005BAECC /* ViewController.swift in Sources */,
				D5747192229C3DAA005BAECC /* ContentViewController.swift in Sources */,
				D5747162229C3C8F005BAECC /* AppDelegate.swift in Sources */,
				D522F937229F2E970056069E /* ListTableViewController.swift in Sources */,
			);
			runOnlyForDeploymentPostprocessing = 0;
		};
		D5747170229C3C91005BAECC /* Sources */ = {
			isa = PBXSourcesBuildPhase;
			buildActionMask = 2147483647;
			files = (
				D5747179229C3C91005BAECC /* UIViewControllARTests.swift in Sources */,
			);
			runOnlyForDeploymentPostprocessing = 0;
		};
		D574717B229C3C91005BAECC /* Sources */ = {
			isa = PBXSourcesBuildPhase;
			buildActionMask = 2147483647;
			files = (
				D5747184229C3C91005BAECC /* UIViewControllARUITests.swift in Sources */,
			);
			runOnlyForDeploymentPostprocessing = 0;
		};
/* End PBXSourcesBuildPhase section */

/* Begin PBXTargetDependency section */
		D5747176229C3C91005BAECC /* PBXTargetDependency */ = {
			isa = PBXTargetDependency;
			target = D574715D229C3C8F005BAECC /* UIViewControllAR */;
			targetProxy = D5747175229C3C91005BAECC /* PBXContainerItemProxy */;
		};
		D5747181229C3C91005BAECC /* PBXTargetDependency */ = {
			isa = PBXTargetDependency;
			target = D574715D229C3C8F005BAECC /* UIViewControllAR */;
			targetProxy = D5747180229C3C91005BAECC /* PBXContainerItemProxy */;
		};
/* End PBXTargetDependency section */

/* Begin PBXVariantGroup section */
		D5747167229C3C8F005BAECC /* Main.storyboard */ = {
			isa = PBXVariantGroup;
			children = (
				D5747168229C3C8F005BAECC /* Base */,
			);
			name = Main.storyboard;
			sourceTree = "<group>";
		};
		D574716C229C3C91005BAECC /* LaunchScreen.storyboard */ = {
			isa = PBXVariantGroup;
			children = (
				D574716D229C3C91005BAECC /* Base */,
			);
			name = LaunchScreen.storyboard;
			sourceTree = "<group>";
		};
/* End PBXVariantGroup section */

/* Begin XCBuildConfiguration section */
		D5747186229C3C91005BAECC /* Debug */ = {
			isa = XCBuildConfiguration;
			buildSettings = {
				ALWAYS_SEARCH_USER_PATHS = NO;
				CLANG_ANALYZER_NONNULL = YES;
				CLANG_ANALYZER_NUMBER_OBJECT_CONVERSION = YES_AGGRESSIVE;
				CLANG_CXX_LANGUAGE_STANDARD = "gnu++14";
				CLANG_CXX_LIBRARY = "libc++";
				CLANG_ENABLE_MODULES = YES;
				CLANG_ENABLE_OBJC_ARC = YES;
				CLANG_ENABLE_OBJC_WEAK = YES;
				CLANG_WARN_BLOCK_CAPTURE_AUTORELEASING = YES;
				CLANG_WARN_BOOL_CONVERSION = YES;
				CLANG_WARN_COMMA = YES;
				CLANG_WARN_CONSTANT_CONVERSION = YES;
				CLANG_WARN_DEPRECATED_OBJC_IMPLEMENTATIONS = YES;
				CLANG_WARN_DIRECT_OBJC_ISA_USAGE = YES_ERROR;
				CLANG_WARN_DOCUMENTATION_COMMENTS = YES;
				CLANG_WARN_EMPTY_BODY = YES;
				CLANG_WARN_ENUM_CONVERSION = YES;
				CLANG_WARN_INFINITE_RECURSION = YES;
				CLANG_WARN_INT_CONVERSION = YES;
				CLANG_WARN_NON_LITERAL_NULL_CONVERSION = YES;
				CLANG_WARN_OBJC_IMPLICIT_RETAIN_SELF = YES;
				CLANG_WARN_OBJC_LITERAL_CONVERSION = YES;
				CLANG_WARN_OBJC_ROOT_CLASS = YES_ERROR;
				CLANG_WARN_RANGE_LOOP_ANALYSIS = YES;
				CLANG_WARN_STRICT_PROTOTYPES = YES;
				CLANG_WARN_SUSPICIOUS_MOVE = YES;
				CLANG_WARN_UNGUARDED_AVAILABILITY = YES_AGGRESSIVE;
				CLANG_WARN_UNREACHABLE_CODE = YES;
				CLANG_WARN__DUPLICATE_METHOD_MATCH = YES;
				CODE_SIGN_IDENTITY = "iPhone Developer";
				COPY_PHASE_STRIP = NO;
				DEBUG_INFORMATION_FORMAT = dwarf;
				ENABLE_STRICT_OBJC_MSGSEND = YES;
				ENABLE_TESTABILITY = YES;
				GCC_C_LANGUAGE_STANDARD = gnu11;
				GCC_DYNAMIC_NO_PIC = NO;
				GCC_NO_COMMON_BLOCKS = YES;
				GCC_OPTIMIZATION_LEVEL = 0;
				GCC_PREPROCESSOR_DEFINITIONS = (
					"DEBUG=1",
					"$(inherited)",
				);
				GCC_WARN_64_TO_32_BIT_CONVERSION = YES;
				GCC_WARN_ABOUT_RETURN_TYPE = YES_ERROR;
				GCC_WARN_UNDECLARED_SELECTOR = YES;
				GCC_WARN_UNINITIALIZED_AUTOS = YES_AGGRESSIVE;
				GCC_WARN_UNUSED_FUNCTION = YES;
				GCC_WARN_UNUSED_VARIABLE = YES;
				IPHONEOS_DEPLOYMENT_TARGET = 12.2;
				MTL_ENABLE_DEBUG_INFO = INCLUDE_SOURCE;
				MTL_FAST_MATH = YES;
				ONLY_ACTIVE_ARCH = YES;
				SDKROOT = iphoneos;
				SWIFT_ACTIVE_COMPILATION_CONDITIONS = DEBUG;
				SWIFT_OPTIMIZATION_LEVEL = "-Onone";
			};
			name = Debug;
		};
		D5747187229C3C91005BAECC /* Release */ = {
			isa = XCBuildConfiguration;
			buildSettings = {
				ALWAYS_SEARCH_USER_PATHS = NO;
				CLANG_ANALYZER_NONNULL = YES;
				CLANG_ANALYZER_NUMBER_OBJECT_CONVERSION = YES_AGGRESSIVE;
				CLANG_CXX_LANGUAGE_STANDARD = "gnu++14";
				CLANG_CXX_LIBRARY = "libc++";
				CLANG_ENABLE_MODULES = YES;
				CLANG_ENABLE_OBJC_ARC = YES;
				CLANG_ENABLE_OBJC_WEAK = YES;
				CLANG_WARN_BLOCK_CAPTURE_AUTORELEASING = YES;
				CLANG_WARN_BOOL_CONVERSION = YES;
				CLANG_WARN_COMMA = YES;
				CLANG_WARN_CONSTANT_CONVERSION = YES;
				CLANG_WARN_DEPRECATED_OBJC_IMPLEMENTATIONS = YES;
				CLANG_WARN_DIRECT_OBJC_ISA_USAGE = YES_ERROR;
				CLANG_WARN_DOCUMENTATION_COMMENTS = YES;
				CLANG_WARN_EMPTY_BODY = YES;
				CLANG_WARN_ENUM_CONVERSION = YES;
				CLANG_WARN_INFINITE_RECURSION = YES;
				CLANG_WARN_INT_CONVERSION = YES;
				CLANG_WARN_NON_LITERAL_NULL_CONVERSION = YES;
				CLANG_WARN_OBJC_IMPLICIT_RETAIN_SELF = YES;
				CLANG_WARN_OBJC_LITERAL_CONVERSION = YES;
				CLANG_WARN_OBJC_ROOT_CLASS = YES_ERROR;
				CLANG_WARN_RANGE_LOOP_ANALYSIS = YES;
				CLANG_WARN_STRICT_PROTOTYPES = YES;
				CLANG_WARN_SUSPICIOUS_MOVE = YES;
				CLANG_WARN_UNGUARDED_AVAILABILITY = YES_AGGRESSIVE;
				CLANG_WARN_UNREACHABLE_CODE = YES;
				CLANG_WARN__DUPLICATE_METHOD_MATCH = YES;
				CODE_SIGN_IDENTITY = "iPhone Developer";
				COPY_PHASE_STRIP = NO;
				DEBUG_INFORMATION_FORMAT = "dwarf-with-dsym";
				ENABLE_NS_ASSERTIONS = NO;
				ENABLE_STRICT_OBJC_MSGSEND = YES;
				GCC_C_LANGUAGE_STANDARD = gnu11;
				GCC_NO_COMMON_BLOCKS = YES;
				GCC_WARN_64_TO_32_BIT_CONVERSION = YES;
				GCC_WARN_ABOUT_RETURN_TYPE = YES_ERROR;
				GCC_WARN_UNDECLARED_SELECTOR = YES;
				GCC_WARN_UNINITIALIZED_AUTOS = YES_AGGRESSIVE;
				GCC_WARN_UNUSED_FUNCTION = YES;
				GCC_WARN_UNUSED_VARIABLE = YES;
				IPHONEOS_DEPLOYMENT_TARGET = 12.2;
				MTL_ENABLE_DEBUG_INFO = NO;
				MTL_FAST_MATH = YES;
				SDKROOT = iphoneos;
				SWIFT_COMPILATION_MODE = wholemodule;
				SWIFT_OPTIMIZATION_LEVEL = "-O";
				VALIDATE_PRODUCT = YES;
			};
			name = Release;
		};
		D5747189229C3C91005BAECC /* Debug */ = {
			isa = XCBuildConfiguration;
			buildSettings = {
				ASSETCATALOG_COMPILER_APPICON_NAME = AppIcon;
				CODE_SIGN_STYLE = Automatic;
				DEVELOPMENT_TEAM = E3BNAMEWTS;
				INFOPLIST_FILE = UIViewControllAR/Info.plist;
				LD_RUNPATH_SEARCH_PATHS = (
					"$(inherited)",
					"@executable_path/Frameworks",
				);
				PRODUCT_BUNDLE_IDENTIFIER = dhbw.UIViewControllAR;
				PRODUCT_NAME = "$(TARGET_NAME)";
				SWIFT_VERSION = 5.0;
				TARGETED_DEVICE_FAMILY = "1,2";
			};
			name = Debug;
		};
		D574718A229C3C91005BAECC /* Release */ = {
			isa = XCBuildConfiguration;
			buildSettings = {
				ASSETCATALOG_COMPILER_APPICON_NAME = AppIcon;
				CODE_SIGN_STYLE = Automatic;
				DEVELOPMENT_TEAM = E3BNAMEWTS;
				INFOPLIST_FILE = UIViewControllAR/Info.plist;
				LD_RUNPATH_SEARCH_PATHS = (
					"$(inherited)",
					"@executable_path/Frameworks",
				);
				PRODUCT_BUNDLE_IDENTIFIER = dhbw.UIViewControllAR;
				PRODUCT_NAME = "$(TARGET_NAME)";
				SWIFT_VERSION = 5.0;
				TARGETED_DEVICE_FAMILY = "1,2";
			};
			name = Release;
		};
		D574718C229C3C91005BAECC /* Debug */ = {
			isa = XCBuildConfiguration;
			buildSettings = {
				ALWAYS_EMBED_SWIFT_STANDARD_LIBRARIES = YES;
				BUNDLE_LOADER = "$(TEST_HOST)";
				CODE_SIGN_STYLE = Automatic;
				DEVELOPMENT_TEAM = E3BNAMEWTS;
				INFOPLIST_FILE = UIViewControllARTests/Info.plist;
				LD_RUNPATH_SEARCH_PATHS = (
					"$(inherited)",
					"@executable_path/Frameworks",
					"@loader_path/Frameworks",
				);
				PRODUCT_BUNDLE_IDENTIFIER = dhbw.UIViewControllARTests;
				PRODUCT_NAME = "$(TARGET_NAME)";
				SWIFT_VERSION = 5.0;
				TARGETED_DEVICE_FAMILY = "1,2";
				TEST_HOST = "$(BUILT_PRODUCTS_DIR)/UIViewControllAR.app/UIViewControllAR";
			};
			name = Debug;
		};
		D574718D229C3C91005BAECC /* Release */ = {
			isa = XCBuildConfiguration;
			buildSettings = {
				ALWAYS_EMBED_SWIFT_STANDARD_LIBRARIES = YES;
				BUNDLE_LOADER = "$(TEST_HOST)";
				CODE_SIGN_STYLE = Automatic;
				DEVELOPMENT_TEAM = E3BNAMEWTS;
				INFOPLIST_FILE = UIViewControllARTests/Info.plist;
				LD_RUNPATH_SEARCH_PATHS = (
					"$(inherited)",
					"@executable_path/Frameworks",
					"@loader_path/Frameworks",
				);
				PRODUCT_BUNDLE_IDENTIFIER = dhbw.UIViewControllARTests;
				PRODUCT_NAME = "$(TARGET_NAME)";
				SWIFT_VERSION = 5.0;
				TARGETED_DEVICE_FAMILY = "1,2";
				TEST_HOST = "$(BUILT_PRODUCTS_DIR)/UIViewControllAR.app/UIViewControllAR";
			};
			name = Release;
		};
		D574718F229C3C91005BAECC /* Debug */ = {
			isa = XCBuildConfiguration;
			buildSettings = {
				ALWAYS_EMBED_SWIFT_STANDARD_LIBRARIES = YES;
				CODE_SIGN_STYLE = Automatic;
				DEVELOPMENT_TEAM = E3BNAMEWTS;
				INFOPLIST_FILE = UIViewControllARUITests/Info.plist;
				LD_RUNPATH_SEARCH_PATHS = (
					"$(inherited)",
					"@executable_path/Frameworks",
					"@loader_path/Frameworks",
				);
				PRODUCT_BUNDLE_IDENTIFIER = dhbw.UIViewControllARUITests;
				PRODUCT_NAME = "$(TARGET_NAME)";
				SWIFT_VERSION = 5.0;
				TARGETED_DEVICE_FAMILY = "1,2";
				TEST_TARGET_NAME = UIViewControllAR;
			};
			name = Debug;
		};
		D5747190229C3C91005BAECC /* Release */ = {
			isa = XCBuildConfiguration;
			buildSettings = {
				ALWAYS_EMBED_SWIFT_STANDARD_LIBRARIES = YES;
				CODE_SIGN_STYLE = Automatic;
				DEVELOPMENT_TEAM = E3BNAMEWTS;
				INFOPLIST_FILE = UIViewControllARUITests/Info.plist;
				LD_RUNPATH_SEARCH_PATHS = (
					"$(inherited)",
					"@executable_path/Frameworks",
					"@loader_path/Frameworks",
				);
				PRODUCT_BUNDLE_IDENTIFIER = dhbw.UIViewControllARUITests;
				PRODUCT_NAME = "$(TARGET_NAME)";
				SWIFT_VERSION = 5.0;
				TARGETED_DEVICE_FAMILY = "1,2";
				TEST_TARGET_NAME = UIViewControllAR;
			};
			name = Release;
		};
/* End XCBuildConfiguration section */

/* Begin XCConfigurationList section */
		D5747159229C3C8F005BAECC /* Build configuration list for PBXProject "UIViewControllAR" */ = {
			isa = XCConfigurationList;
			buildConfigurations = (
				D5747186229C3C91005BAECC /* Debug */,
				D5747187229C3C91005BAECC /* Release */,
			);
			defaultConfigurationIsVisible = 0;
			defaultConfigurationName = Release;
		};
		D5747188229C3C91005BAECC /* Build configuration list for PBXNativeTarget "UIViewControllAR" */ = {
			isa = XCConfigurationList;
			buildConfigurations = (
				D5747189229C3C91005BAECC /* Debug */,
				D574718A229C3C91005BAECC /* Release */,
			);
			defaultConfigurationIsVisible = 0;
			defaultConfigurationName = Release;
		};
		D574718B229C3C91005BAECC /* Build configuration list for PBXNativeTarget "UIViewControllARTests" */ = {
			isa = XCConfigurationList;
			buildConfigurations = (
				D574718C229C3C91005BAECC /* Debug */,
				D574718D229C3C91005BAECC /* Release */,
			);
			defaultConfigurationIsVisible = 0;
			defaultConfigurationName = Release;
		};
		D574718E229C3C91005BAECC /* Build configuration list for PBXNativeTarget "UIViewControllARUITests" */ = {
			isa = XCConfigurationList;
			buildConfigurations = (
				D574718F229C3C91005BAECC /* Debug */,
				D5747190229C3C91005BAECC /* Release */,
			);
			defaultConfigurationIsVisible = 0;
			defaultConfigurationName = Release;
		};
/* End XCConfigurationList section */
	};
	rootObject = D5747156229C3C8F005BAECC /* Project object */;
}
